
Microsoft Visual Studio Solution File, Format Version 12.00
# Visual Studio 15
VisualStudioVersion = 15.0.28010.2019
MinimumVisualStudioVersion = 10.0.40219.1
Project("{FAE04EC0-301F-11D3-BF4B-00C04F79EFBC}") = "Combinator", "Combinator.csproj", "{D265E702-E093-4441-8B85-7CFBC9CBB68E}"
EndProject
Global
	GlobalSection(SolutionConfigurationPlatforms) = preSolution
		Debug|Any CPU = Debug|Any CPU
		Release|Any CPU = Release|Any CPU
	EndGlobalSection
	GlobalSection(ProjectConfigurationPlatforms) = postSolution
		{D265E702-E093-4441-8B85-7CFBC9CBB68E}.Debug|Any CPU.ActiveCfg = Debug|Any CPU
		{D265E702-E093-4441-8B85-7CFBC9CBB68E}.Debug|Any CPU.Build.0 = Debug|Any CPU
		{D265E702-E093-4441-8B85-7CFBC9CBB68E}.Release|Any CPU.ActiveCfg = Release|Any CPU
		{D265E702-E093-4441-8B85-7CFBC9CBB68E}.Release|Any CPU.Build.0 = Release|Any CPU
	EndGlobalSection
	GlobalSection(SolutionProperties) = preSolution
		HideSolutionNode = FALSE
	EndGlobalSection
	GlobalSection(ExtensibilityGlobals) = postSolution
		SolutionGuid = {11011CC8-F678-421E-86B9-8CAB94D16446}
	EndGlobalSection
EndGlobal
